github.com/coder/websocket v1.8.15 h1:6B2JPeOGlpff2Uz6vOEH1Vzpi0iUz20A+lPVhPHtNUA=
github.com/coder/websocket v1.8.15/go.mod h1:NX3SzP+inril6yawo5CQXx8+fk145lPDC6pumgx0mVg=
github.com/cplieger/envx/v2 v2.0.3 h1:5FPj605yQWeYxGsKd1ZDisLfrOPIFRuLq6le2dNoYdQ=
github.com/cplieger/envx/v2 v2.0.3/go.mod h1:f01hl0r7CXNpFQvzV4CrSFYTZJjCJxsjOEKaBwcc2iw=
github.com/cplieger/pathinside/v2 v2.0.1 h1:tsCGs+7/U1v/c2q7lcHK9UYUbiyYrvjUxL2h46awO2A=
github.com/cplieger/pathinside/v2 v2.0.1/go.mod h1:M+uGHbsTS0Zb1hqRMbkoMI/3RkryUZRnJ+P0gxhBjyE=
github.com/cplieger/runesafe/v2 v2.0.1 h1:TWTX4OPjz4pqgidBavkbglEh3XdwrJgq8dC/LFf89u0=
github.com/cplieger/runesafe/v2 v2.0.1/go.mod h1:cB0JYmCjfU+VzKAFWnhYfJL8OK0+d196ZSwh+Ohr+0k=
github.com/cplieger/slogx v1.6.5 h1:KzQqC5QcfA83CnpMlkikoEFzMgo0+7bsyi6+dipUys0=
github.com/cplieger/slogx v1.6.5/go.mod h1:Ac6vL8Ymaa8USg++ELEQKwNIBgk0nG2HWO+6wDuQNmw=
github.com/cplieger/web-terminal-engine/v5 v5.0.11 h1:HyEgNw5Z2nyIi03ABaQSIrAaxFaxJUXKFV8mFrfC5ak=
github.com/cplieger/web-terminal-engine/v5 v5.0.11/go.mod h1:j8XrvyXuPO8ML6vXHabdGrdHVnG5LoWy6qDWeoUs5do=
github.com/cplieger/webhttp/v2 v2.1.0 h1:+uczCpVxI5QmHJcjSQA8MGPcT+HtNaOMMt2vBfS7pB0=
github.com/cplieger/webhttp/v2 v2.1.0/go.mod h1:g0vbWk/TRByvS72jimOby/VGBdCJzx7/hvUXG+KbeXE=
github.com/creack/pty v1.1.24 h1:bJrF4RRfyJnbTJqzRLHzcGaZK1NeM5kTC9jGgovnR1s=
github.com/creack/pty v1.1.24/go.mod h1:08sCNb52WyoAwi2QDyzUCTgcvVFhUzewun7wtTfvcwE=
golang.org/x/sys v0.48.0 h1:bbX/i/6MgT9BVLM9RT1thmxL04yeTAhbEz4SyadbXoo=
golang.org/x/sys v0.48.0/go.mod h1:hNLxWAXmnKAxqDtdwIYC4bM9oQPEecfsnNMuSxOs3og=
