github.com/coder/websocket v1.8.15 h1:6B2JPeOGlpff2Uz6vOEH1Vzpi0iUz20A+lPVhPHtNUA=
github.com/coder/websocket v1.8.15/go.mod h1:NX3SzP+inril6yawo5CQXx8+fk145lPDC6pumgx0mVg=
github.com/cplieger/envx/v2 v2.0.7 h1:psUbYc3N+71/3Jouy2Py1YX731B/EuAH56N+HBx0XJg=
github.com/cplieger/envx/v2 v2.0.7/go.mod h1:xMjvjS+CI1VcUzZyzGPyeNpCyfEDBN+6FzcY6OEyJBY=
github.com/cplieger/pathinside/v2 v2.0.3 h1:g7V1tj/OHvHIaB0W2rwS3HvoaK2Mv5sZWf++tbz9+Fk=
github.com/cplieger/pathinside/v2 v2.0.3/go.mod h1:WmVoGiWfzmYnkpgGArhVtnGOmANMdGjFy0se76jmg9w=
github.com/cplieger/runesafe/v2 v2.1.1 h1:RE5LVy0ebepMs3Gky6DKgFrV0ykODk2W8OGVa8Zm0H8=
github.com/cplieger/runesafe/v2 v2.1.1/go.mod h1:cB0JYmCjfU+VzKAFWnhYfJL8OK0+d196ZSwh+Ohr+0k=
github.com/cplieger/slogx v1.6.7 h1:X0tViA7NGq0MtKlW2aIxyEP9khZX1n3OYethDXdJsHc=
github.com/cplieger/slogx v1.6.7/go.mod h1:OVpRiI3PBCUgA0uWdER654LNftjSDHbV/7PDYMoemTA=
github.com/cplieger/web-terminal-engine/v6 v6.1.1 h1:e/MJKvj8JgOzF+kFx/TIauyER0oQzpW+0Gjzw5CupR4=
github.com/cplieger/web-terminal-engine/v6 v6.1.1/go.mod h1:nAZFfUJwNCXGtf9k2MhjfKXNsx7JklOQvCKxsBn+ShM=
github.com/cplieger/webhttp/v3 v3.0.2 h1:4eAHYipBy/4tdGUM0S9shdvjkX97Lw2bhulJ3z94cZE=
github.com/cplieger/webhttp/v3 v3.0.2/go.mod h1:pl50N8nFHBn/2Le+YTpXgSRdmtkS9dt26LRXl/X9uZc=
github.com/creack/pty v1.1.24 h1:bJrF4RRfyJnbTJqzRLHzcGaZK1NeM5kTC9jGgovnR1s=
github.com/creack/pty v1.1.24/go.mod h1:08sCNb52WyoAwi2QDyzUCTgcvVFhUzewun7wtTfvcwE=
golang.org/x/sys v0.48.0 h1:bbX/i/6MgT9BVLM9RT1thmxL04yeTAhbEz4SyadbXoo=
golang.org/x/sys v0.48.0/go.mod h1:hNLxWAXmnKAxqDtdwIYC4bM9oQPEecfsnNMuSxOs3og=
