github.com/coder/websocket v1.8.15 h1:6B2JPeOGlpff2Uz6vOEH1Vzpi0iUz20A+lPVhPHtNUA=
github.com/coder/websocket v1.8.15/go.mod h1:NX3SzP+inril6yawo5CQXx8+fk145lPDC6pumgx0mVg=
github.com/cplieger/envx v1.6.4 h1:hDftMDkAb/8pBNWuPY2gME3fQGkxFyp0Kr4WmYzdUuU=
github.com/cplieger/envx v1.6.4/go.mod h1:2iEIeIpxXH5p4pf2+LXMLFGjg+Pq6R78RHH0rSpVUMw=
github.com/cplieger/pathinside v1.0.2 h1:KP06X7uiKCrXDhgpg3tv3VYs40vEsECEVhxT1Qu6JGc=
github.com/cplieger/pathinside v1.0.2/go.mod h1:71xlTttDRbMdtyIqyQGRW+BDIm06s2ploc6T5zNUXng=
github.com/cplieger/runesafe v1.4.2 h1:I3CDISEbLAGJRZ88CkyPf1jSp9ThXnGLN03ZiqgRjX8=
github.com/cplieger/runesafe v1.4.2/go.mod h1:/k4uCWD0RrP7MjmcVccuEXzj+QvCVRvrn+cHI3Z8Ugg=
github.com/cplieger/slogx v1.6.2 h1:PfF+3SugvCJn4jYFOWrrLt8CFp2AJVqmnrkxWEDSPGU=
github.com/cplieger/slogx v1.6.2/go.mod h1:X+e8ilaM7ZP4luCDEQyQNalymzgGmB8jk3fyz5h9FJQ=
github.com/cplieger/web-terminal-engine/v4 v4.0.4 h1:kSSnrw58oCjMUk7NjNj6m1epfzBBhzYoobPSDIc3kUM=
github.com/cplieger/web-terminal-engine/v4 v4.0.4/go.mod h1:vGk2xGrY5OG27xCMyIRenKf4+NP2rtDLXklSIPtMiuM=
github.com/cplieger/webhttp v1.23.2 h1:fuOZ+WbdCz2s/zs2JRcENx2XKjTZ9a2KAhRTr1iI2Kc=
github.com/cplieger/webhttp v1.23.2/go.mod h1:HkZOg1UwdKtz101082Ph9SaO4BY8rB0DIJLfGbaRa3k=
github.com/creack/pty v1.1.24 h1:bJrF4RRfyJnbTJqzRLHzcGaZK1NeM5kTC9jGgovnR1s=
github.com/creack/pty v1.1.24/go.mod h1:08sCNb52WyoAwi2QDyzUCTgcvVFhUzewun7wtTfvcwE=
golang.org/x/sys v0.47.0 h1:o7XGOvZQCADBQQ4Y7VNq2dRWQR7JmOUW8Kxx4ZsNgWs=
golang.org/x/sys v0.47.0/go.mod h1:4GL1E5IUh+htKOUEOaiffhrAeqysfVGipDYzABqnCmw=
